
Microsoft Visual Studio Solution File, Format Version 12.00
# Visual Studio Version 17
VisualStudioVersion = 17.9.34723.18
MinimumVisualStudioVersion = 10.0.40219.1
Project("{FAE04EC0-301F-11D3-BF4B-00C04F79EFBC}") = "Week 7 Again Part 2", "Week 7 Again Part 2.csproj", "{2CB9A16F-EC70-499A-880B-851209C818B8}"
EndProject
Global
	GlobalSection(SolutionConfigurationPlatforms) = preSolution
		Debug|Any CPU = Debug|Any CPU
		Release|Any CPU = Release|Any CPU
	EndGlobalSection
	GlobalSection(ProjectConfigurationPlatforms) = postSolution
		{2CB9A16F-EC70-499A-880B-851209C818B8}.Debug|Any CPU.ActiveCfg = Debug|Any CPU
		{2CB9A16F-EC70-499A-880B-851209C818B8}.Debug|Any CPU.Build.0 = Debug|Any CPU
		{2CB9A16F-EC70-499A-880B-851209C818B8}.Release|Any CPU.ActiveCfg = Release|Any CPU
		{2CB9A16F-EC70-499A-880B-851209C818B8}.Release|Any CPU.Build.0 = Release|Any CPU
	EndGlobalSection
	GlobalSection(SolutionProperties) = preSolution
		HideSolutionNode = FALSE
	EndGlobalSection
	GlobalSection(ExtensibilityGlobals) = postSolution
		SolutionGuid = {7B3E5DA7-6D09-4474-82D6-2EC3CF3E6091}
	EndGlobalSection
EndGlobal
